github.com/google/go-cmp v0.4.0/go.mod h1:v8dTdLbMG2kIc/vJvl+f65V22dbkXbowE6jgT/gNBxE=
github.com/google/go-cmp v0.6.0 h1:ofyhxvXcZhMsU5ulbFiLKl/XBFqE1GSq7atu8tAmTRI=
github.com/google/go-cmp v0.6.0/go.mod h1:17dUlkBOakJ0+DkrSSNjCkIjxS6bF9zb3elmeNGIjoY=
github.com/segmentio/asm v1.2.0 h1:9BQrFxC+YOHJlTlHGkTrFWf59nbL3XnCoFLTwDCI7ys=
github.com/segmentio/asm v1.2.0/go.mod h1:BqMnlJP91P8d+4ibuonYZw9mfnzI9HfxselHZr5aAcs=
github.com/segmentio/encoding v0.4.0 h1:MEBYvRqiUB2nfR2criEXWqwdY6HJOUrCn5hboVOVmy8=
github.com/segmentio/encoding v0.4.0/go.mod h1:/d03Cd8PoaDeceuhUUUQWjU0KhWjrmYrWPgtJHYZSnI=
go.lsp.dev/jsonrpc2 v0.10.0 h1:Pr/YcXJoEOTMc/b6OTmcR1DPJ3mSWl/SWiU1Cct6VmI=
go.lsp.dev/jsonrpc2 v0.10.0/go.mod h1:fmEzIdXPi/rf6d4uFcayi8HpFP1nBF99ERP1htC72Ac=
go.lsp.dev/pkg v0.0.0-20210717090340-384b27a52fb2 h1:hCzQgh6UcwbKgNSRurYWSqh8MufqRRPODRBblutn4TE=
go.lsp.dev/pkg v0.0.0-20210717090340-384b27a52fb2/go.mod h1:gtSHRuYfbCT0qnbLnovpie/WEmqyJ7T4n6VXiFMBtcw=
go.lsp.dev/uri v0.3.0 h1:KcZJmh6nFIBeJzTugn5JTU6OOyG0lDOo3R9KwTxTYbo=
go.lsp.dev/uri v0.3.0/go.mod h1:P5sbO1IQR+qySTWOCnhnK7phBx+W3zbLqSMDJNTw88I=
golang.org/x/sys v0.20.0 h1:Od9JTbYCk261bKm4M/mw7AklTlFYIa0bIp9BgSm1S8Y=
golang.org/x/sys v0.20.0/go.mod h1:/VUhepiaJMQUp4+oa/7Zr1D23ma6VTLIYjOOTFZPUcA=
golang.org/x/xerrors v0.0.0-20191204190536-9bdfabe68543/go.mod h1:I/5z698sn9Ka8TeJc9MKroUUfqBBauWjQqLJ2OPfmY0=
